
Microsoft Visual Studio Solution File, Format Version 12.00
# Visual Studio 2012
Project("{FAE04EC0-301F-11D3-BF4B-00C04F79EFBC}") = "Happy-Travel", "Happy-Travel\Happy-Travel.csproj", "{A5D04A45-904F-4A26-A1D8-C590EA6A85E4}"
EndProject
Global
	GlobalSection(SolutionConfigurationPlatforms) = preSolution
		Debug|Any CPU = Debug|Any CPU
		Release|Any CPU = Release|Any CPU
	EndGlobalSection
	GlobalSection(ProjectConfigurationPlatforms) = postSolution
		{A5D04A45-904F-4A26-A1D8-C590EA6A85E4}.Debug|Any CPU.ActiveCfg = Debug|Any CPU
		{A5D04A45-904F-4A26-A1D8-C590EA6A85E4}.Debug|Any CPU.Build.0 = Debug|Any CPU
		{A5D04A45-904F-4A26-A1D8-C590EA6A85E4}.Release|Any CPU.ActiveCfg = Release|Any CPU
		{A5D04A45-904F-4A26-A1D8-C590EA6A85E4}.Release|Any CPU.Build.0 = Release|Any CPU
	EndGlobalSection
EndGlobal
